<?xml version="1.0" encoding="utf-8"?>
<Project ToolsVersion="4.0" xmlns="http://schemas.microsoft.com/developer/msbuild/2003">
  <ItemGroup>
    <Filter Include="Source files">
      <UniqueIdentifier>{8bcd8571-7f15-44d9-b9f2-af8e58be917b}</UniqueIdentifier>
      <Extensions>cpp;c;cc;cxx;def;odl;idl;hpj;bat;asm;asmx</Extensions>
    </Filter>
    <Filter Include="Header files">
      <UniqueIdentifier>{2ce27442-3e07-46f4-a58f-f69a434ff829}</UniqueIdentifier>
      <Extensions>h;hpp;hxx;hm;inl;inc;xsd</Extensions>
    </Filter>
    <Filter Include="Resource files">
      <UniqueIdentifier>{5e2ef789-d7e8-455f-98c7-69b00c736472}</UniqueIdentifier>
      <Extensions>rc;ico;cur;bmp;dlg;rc2;rct;bin;rgs;gif;jpg;jpeg;jpe;resx;tiff;tif;png;wav</Extensions>
    </Filter>
    <Filter Include="Make files">
      <UniqueIdentifier>{e0d78870-aaef-4550-9780-f9adeb8cf6aa}</UniqueIdentifier>
      <Extensions>*.mak</Extensions>
    </Filter>
  </ItemGroup>
  <ItemGroup>
    <ClCompile Include="SignalRestudy.cpp">
      <Filter>Source files</Filter>
    </ClCompile>
    <ClCompile Include="analog_sleep.cpp">
      <Filter>Source files</Filter>
    </ClCompile>
    <ClCompile Include="analog_sleep_setjmp.cpp">
      <Filter>Source files</Filter>
    </ClCompile>
    <ClCompile Include="test_sigprocmask.cpp">
      <Filter>Source files</Filter>
    </ClCompile>
    <ClCompile Include="sigactionTest.cpp">
      <Filter>Source files</Filter>
    </ClCompile>
  </ItemGroup>
  <ItemGroup>
    <None Include="Makefile" />
    <None Include="debug.mak">
      <Filter>Make files</Filter>
    </None>
    <None Include="release.mak">
      <Filter>Make files</Filter>
    </None>
  </ItemGroup>
  <ItemGroup>
    <ClInclude Include="utils.h">
      <Filter>Header files</Filter>
    </ClInclude>
  </ItemGroup>
</Project>