<?xml version="1.0" encoding="utf-8"?>
<Project ToolsVersion="4.0" xmlns="http://schemas.microsoft.com/developer/msbuild/2003">
  <ItemGroup>
    <Filter Include="Source files">
      <UniqueIdentifier>{f4045118-ecd8-46df-8707-38ec3480f6a0}</UniqueIdentifier>
      <Extensions>cpp;c;cc;cxx;def;odl;idl;hpj;bat;asm;asmx</Extensions>
    </Filter>
    <Filter Include="Header files">
      <UniqueIdentifier>{071aa6a7-f662-4074-b1cb-2c59f40f5a9d}</UniqueIdentifier>
      <Extensions>h;hpp;hxx;hm;inl;inc;xsd</Extensions>
    </Filter>
    <Filter Include="Resource files">
      <UniqueIdentifier>{4729d217-0669-4085-ac66-2c0955cd3bb8}</UniqueIdentifier>
      <Extensions>rc;ico;cur;bmp;dlg;rc2;rct;bin;rgs;gif;jpg;jpeg;jpe;resx;tiff;tif;png;wav</Extensions>
    </Filter>
    <Filter Include="Make files">
      <UniqueIdentifier>{7162398f-ac88-4e19-94c3-2443999be75e}</UniqueIdentifier>
      <Extensions>*.mak</Extensions>
    </Filter>
  </ItemGroup>
  <ItemGroup>
    <ClCompile Include="SignalTest.cpp">
      <Filter>Source files</Filter>
    </ClCompile>
    <ClCompile Include="signal.cpp">
      <Filter>Source files</Filter>
    </ClCompile>
    <ClCompile Include="ReentrantFunction.cpp">
      <Filter>Source files</Filter>
    </ClCompile>
    <ClCompile Include="alarm.cpp">
      <Filter>Source files</Filter>
    </ClCompile>
    <ClCompile Include="test_sigset.cpp">
      <Filter>Source files</Filter>
    </ClCompile>
  </ItemGroup>
  <ItemGroup>
    <None Include="Makefile" />
    <None Include="debug.mak">
      <Filter>Make files</Filter>
    </None>
    <None Include="release.mak">
      <Filter>Make files</Filter>
    </None>
  </ItemGroup>
  <ItemGroup>
    <ClInclude Include="utils.h">
      <Filter>Header files</Filter>
    </ClInclude>
  </ItemGroup>
</Project>